// !$*UTF8*$!
{
	archiveVersion = 1;
	classes = {
	};
	objectVersion = 46;
	objects = {

/* Begin PBXBuildFile section */
		04FD97271EE6AD6000DFD822 /* AppDelegate.swift in Sources */ = {isa = PBXBuildFile; fileRef = 04FD97261EE6AD6000DFD822 /* AppDelegate.swift */; };
		04FD97291EE6AD6000DFD822 /* ViewController.swift in Sources */ = {isa = PBXBuildFile; fileRef = 04FD97281EE6AD6000DFD822 /* ViewController.swift */; };
		04FD972C1EE6AD6000DFD822 /* Main.storyboard in Resources */ = {isa = PBXBuildFile; fileRef = 04FD972A1EE6AD6000DFD822 /* Main.storyboard */; };
		04FD972E1EE6AD6000DFD822 /* Assets.xcassets in Resources */ = {isa = PBXBuildFile; fileRef = 04FD972D1EE6AD6000DFD822 /* Assets.xcassets */; };
		04FD97311EE6AD6000DFD822 /* LaunchScreen.storyboard in Resources */ = {isa = PBXBuildFile; fileRef = 04FD972F1EE6AD6000DFD822 /* LaunchScreen.storyboard */; };
		04FD973C1EE6AD6000DFD822 /* AniTableViewTests.swift in Sources */ = {isa = PBXBuildFile; fileRef = 04FD973B1EE6AD6000DFD822 /* AniTableViewTests.swift */; };
		04FD97471EE6AD6000DFD822 /* AniTableViewUITests.swift in Sources */ = {isa = PBXBuildFile; fileRef = 04FD97461EE6AD6000DFD822 /* AniTableViewUITests.swift */; };
		04FD97551EE6B01D00DFD822 /* aniTableViewCell.swift in Sources */ = {isa = PBXBuildFile; fileRef = 04FD97541EE6B01D00DFD822 /* aniTableViewCell.swift */; };
		04FD97571EE6B1A300DFD822 /* MarketDepthData.swift in Sources */ = {isa = PBXBuildFile; fileRef = 04FD97561EE6B1A300DFD822 /* MarketDepthData.swift */; };
/* End PBXBuildFile section */

/* Begin PBXContainerItemProxy section */
		04FD97381EE6AD6000DFD822 /* PBXContainerItemProxy */ = {
			isa = PBXContainerItemProxy;
			containerPortal = 04FD971B1EE6AD6000DFD822 /* Project object */;
			proxyType = 1;
			remoteGlobalIDString = 04FD97221EE6AD6000DFD822;
			remoteInfo = AniTableView;
		};
		04FD97431EE6AD6000DFD822 /* PBXContainerItemProxy */ = {
			isa = PBXContainerItemProxy;
			containerPortal = 04FD971B1EE6AD6000DFD822 /* Project object */;
			proxyType = 1;
			remoteGlobalIDString = 04FD97221EE6AD6000DFD822;
			remoteInfo = AniTableView;
		};
/* End PBXContainerItemProxy section */

/* Begin PBXFileReference section */
		04FD97231EE6AD6000DFD822 /* AniTableView.app */ = {isa = PBXFileReference; explicitFileType = wrapper.application; includeInIndex = 0; path = AniTableView.app; sourceTree = BUILT_PRODUCTS_DIR; };
		04FD97261EE6AD6000DFD822 /* AppDelegate.swift */ = {isa = PBXFileReference; lastKnownFileType = sourcecode.swift; path = AppDelegate.swift; sourceTree = "<group>"; };
		04FD97281EE6AD6000DFD822 /* ViewController.swift */ = {isa = PBXFileReference; lastKnownFileType = sourcecode.swift; path = ViewController.swift; sourceTree = "<group>"; };
		04FD972B1EE6AD6000DFD822 /* Base */ = {isa = PBXFileReference; lastKnownFileType = file.storyboard; name = Base; path = Base.lproj/Main.storyboard; sourceTree = "<group>"; };
		04FD972D1EE6AD6000DFD822 /* Assets.xcassets */ = {isa = PBXFileReference; lastKnownFileType = folder.assetcatalog; path = Assets.xcassets; sourceTree = "<group>"; };
		04FD97301EE6AD6000DFD822 /* Base */ = {isa = PBXFileReference; lastKnownFileType = file.storyboard; name = Base; path = Base.lproj/LaunchScreen.storyboard; sourceTree = "<group>"; };
		04FD97321EE6AD6000DFD822 /* Info.plist */ = {isa = PBXFileReference; lastKnownFileType = text.plist.xml; path = Info.plist; sourceTree = "<group>"; };
		04FD97371EE6AD6000DFD822 /* AniTableViewTests.xctest */ = {isa = PBXFileReference; explicitFileType = wrapper.cfbundle; includeInIndex = 0; path = AniTableViewTests.xctest; sourceTree = BUILT_PRODUCTS_DIR; };
		04FD973B1EE6AD6000DFD822 /* AniTableViewTests.swift */ = {isa = PBXFileReference; lastKnownFileType = sourcecode.swift; path = AniTableViewTests.swift; sourceTree = "<group>"; };
		04FD973D1EE6AD6000DFD822 /* Info.plist */ = {isa = PBXFileReference; lastKnownFileType = text.plist.xml; path = Info.plist; sourceTree = "<group>"; };
		04FD97421EE6AD6000DFD822 /* AniTableViewUITests.xctest */ = {isa = PBXFileReference; explicitFileType = wrapper.cfbundle; includeInIndex = 0; path = AniTableViewUITests.xctest; sourceTree = BUILT_PRODUCTS_DIR; };
		04FD97461EE6AD6000DFD822 /* AniTableViewUITests.swift */ = {isa = PBXFileReference; lastKnownFileType = sourcecode.swift; path = AniTableViewUITests.swift; sourceTree = "<group>"; };
		04FD97481EE6AD6000DFD822 /* Info.plist */ = {isa = PBXFileReference; lastKnownFileType = text.plist.xml; path = Info.plist; sourceTree = "<group>"; };
		04FD97541EE6B01D00DFD822 /* aniTableViewCell.swift */ = {isa = PBXFileReference; fileEncoding = 4; lastKnownFileType = sourcecode.swift; path = aniTableViewCell.swift; sourceTree = "<group>"; };
		04FD97561EE6B1A300DFD822 /* MarketDepthData.swift */ = {isa = PBXFileReference; fileEncoding = 4; lastKnownFileType = sourcecode.swift; path = MarketDepthData.swift; sourceTree = "<group>"; };
/* End PBXFileReference section */

/* Begin PBXFrameworksBuildPhase section */
		04FD97201EE6AD6000DFD822 /* Frameworks */ = {
			isa = PBXFrameworksBuildPhase;
			buildActionMask = 2147483647;
			files = (
			);
			runOnlyForDeploymentPostprocessing = 0;
		};
		04FD97341EE6AD6000DFD822 /* Frameworks */ = {
			isa = PBXFrameworksBuildPhase;
			buildActionMask = 2147483647;
			files = (
			);
			runOnlyForDeploymentPostprocessing = 0;
		};
		04FD973F1EE6AD6000DFD822 /* Frameworks */ = {
			isa = PBXFrameworksBuildPhase;
			buildActionMask = 2147483647;
			files = (
			);
			runOnlyForDeploymentPostprocessing = 0;
		};
/* End PBXFrameworksBuildPhase section */

/* Begin PBXGroup section */
		04FD971A1EE6AD6000DFD822 = {
			isa = PBXGroup;
			children = (
				04FD97251EE6AD6000DFD822 /* AniTableView */,
				04FD973A1EE6AD6000DFD822 /* AniTableViewTests */,
				04FD97451EE6AD6000DFD822 /* AniTableViewUITests */,
				04FD97241EE6AD6000DFD822 /* Products */,
			);
			sourceTree = "<group>";
		};
		04FD97241EE6AD6000DFD822 /* Products */ = {
			isa = PBXGroup;
			children = (
				04FD97231EE6AD6000DFD822 /* AniTableView.app */,
				04FD97371EE6AD6000DFD822 /* AniTableViewTests.xctest */,
				04FD97421EE6AD6000DFD822 /* AniTableViewUITests.xctest */,
			);
			name = Products;
			sourceTree = "<group>";
		};
		04FD97251EE6AD6000DFD822 /* AniTableView */ = {
			isa = PBXGroup;
			children = (
				04FD97261EE6AD6000DFD822 /* AppDelegate.swift */,
				04FD97281EE6AD6000DFD822 /* ViewController.swift */,
				04FD97541EE6B01D00DFD822 /* aniTableViewCell.swift */,
				04FD972A1EE6AD6000DFD822 /* Main.storyboard */,
				04FD972D1EE6AD6000DFD822 /* Assets.xcassets */,
				04FD972F1EE6AD6000DFD822 /* LaunchScreen.storyboard */,
				04FD97321EE6AD6000DFD822 /* Info.plist */,
				04FD97561EE6B1A300DFD822 /* MarketDepthData.swift */,
			);
			path = AniTableView;
			sourceTree = "<group>";
		};
		04FD973A1EE6AD6000DFD822 /* AniTableViewTests */ = {
			isa = PBXGroup;
			children = (
				04FD973B1EE6AD6000DFD822 /* AniTableViewTests.swift */,
				04FD973D1EE6AD6000DFD822 /* Info.plist */,
			);
			path = AniTableViewTests;
			sourceTree = "<group>";
		};
		04FD97451EE6AD6000DFD822 /* AniTableViewUITests */ = {
			isa = PBXGroup;
			children = (
				04FD97461EE6AD6000DFD822 /* AniTableViewUITests.swift */,
				04FD97481EE6AD6000DFD822 /* Info.plist */,
			);
			path = AniTableViewUITests;
			sourceTree = "<group>";
		};
/* End PBXGroup section */

/* Begin PBXNativeTarget section */
		04FD97221EE6AD6000DFD822 /* AniTableView */ = {
			isa = PBXNativeTarget;
			buildConfigurationList = 04FD974B1EE6AD6000DFD822 /* Build configuration list for PBXNativeTarget "AniTableView" */;
			buildPhases = (
				04FD971F1EE6AD6000DFD822 /* Sources */,
				04FD97201EE6AD6000DFD822 /* Frameworks */,
				04FD97211EE6AD6000DFD822 /* Resources */,
			);
			buildRules = (
			);
			dependencies = (
			);
			name = AniTableView;
			productName = AniTableView;
			productReference = 04FD97231EE6AD6000DFD822 /* AniTableView.app */;
			productType = "com.apple.product-type.application";
		};
		04FD97361EE6AD6000DFD822 /* AniTableViewTests */ = {
			isa = PBXNativeTarget;
			buildConfigurationList = 04FD974E1EE6AD6000DFD822 /* Build configuration list for PBXNativeTarget "AniTableViewTests" */;
			buildPhases = (
				04FD97331EE6AD6000DFD822 /* Sources */,
				04FD97341EE6AD6000DFD822 /* Frameworks */,
				04FD97351EE6AD6000DFD822 /* Resources */,
			);
			buildRules = (
			);
			dependencies = (
				04FD97391EE6AD6000DFD822 /* PBXTargetDependency */,
			);
			name = AniTableViewTests;
			productName = AniTableViewTests;
			productReference = 04FD97371EE6AD6000DFD822 /* AniTableViewTests.xctest */;
			productType = "com.apple.product-type.bundle.unit-test";
		};
		04FD97411EE6AD6000DFD822 /* AniTableViewUITests */ = {
			isa = PBXNativeTarget;
			buildConfigurationList = 04FD97511EE6AD6000DFD822 /* Build configuration list for PBXNativeTarget "AniTableViewUITests" */;
			buildPhases = (
				04FD973E1EE6AD6000DFD822 /* Sources */,
				04FD973F1EE6AD6000DFD822 /* Frameworks */,
				04FD97401EE6AD6000DFD822 /* Resources */,
			);
			buildRules = (
			);
			dependencies = (
				04FD97441EE6AD6000DFD822 /* PBXTargetDependency */,
			);
			name = AniTableViewUITests;
			productName = AniTableViewUITests;
			productReference = 04FD97421EE6AD6000DFD822 /* AniTableViewUITests.xctest */;
			productType = "com.apple.product-type.bundle.ui-testing";
		};
/* End PBXNativeTarget section */

/* Begin PBXProject section */
		04FD971B1EE6AD6000DFD822 /* Project object */ = {
			isa = PBXProject;
			attributes = {
				LastSwiftUpdateCheck = 0830;
				LastUpgradeCheck = 0830;
				ORGANIZATIONNAME = mqt;
				TargetAttributes = {
					04FD97221EE6AD6000DFD822 = {
						CreatedOnToolsVersion = 8.3.2;
						DevelopmentTeam = 58LG38VBB3;
						ProvisioningStyle = Automatic;
					};
					04FD97361EE6AD6000DFD822 = {
						CreatedOnToolsVersion = 8.3.2;
						DevelopmentTeam = 768U2S2GPR;
						ProvisioningStyle = Automatic;
						TestTargetID = 04FD97221EE6AD6000DFD822;
					};
					04FD97411EE6AD6000DFD822 = {
						CreatedOnToolsVersion = 8.3.2;
						DevelopmentTeam = 768U2S2GPR;
						ProvisioningStyle = Automatic;
						TestTargetID = 04FD97221EE6AD6000DFD822;
					};
				};
			};
			buildConfigurationList = 04FD971E1EE6AD6000DFD822 /* Build configuration list for PBXProject "AniTableView" */;
			compatibilityVersion = "Xcode 3.2";
			developmentRegion = English;
			hasScannedForEncodings = 0;
			knownRegions = (
				en,
				Base,
			);
			mainGroup = 04FD971A1EE6AD6000DFD822;
			productRefGroup = 04FD97241EE6AD6000DFD822 /* Products */;
			projectDirPath = "";
			projectRoot = "";
			targets = (
				04FD97221EE6AD6000DFD822 /* AniTableView */,
				04FD97361EE6AD6000DFD822 /* AniTableViewTests */,
				04FD97411EE6AD6000DFD822 /* AniTableViewUITests */,
			);
		};
/* End PBXProject section */

/* Begin PBXResourcesBuildPhase section */
		04FD97211EE6AD6000DFD822 /* Resources */ = {
			isa = PBXResourcesBuildPhase;
			buildActionMask = 2147483647;
			files = (
				04FD97311EE6AD6000DFD822 /* LaunchScreen.storyboard in Resources */,
				04FD972E1EE6AD6000DFD822 /* Assets.xcassets in Resources */,
				04FD972C1EE6AD6000DFD822 /* Main.storyboard in Resources */,
			);
			runOnlyForDeploymentPostprocessing = 0;
		};
		04FD97351EE6AD6000DFD822 /* Resources */ = {
			isa = PBXResourcesBuildPhase;
			buildActionMask = 2147483647;
			files = (
			);
			runOnlyForDeploymentPostprocessing = 0;
		};
		04FD97401EE6AD6000DFD822 /* Resources */ = {
			isa = PBXResourcesBuildPhase;
			buildActionMask = 2147483647;
			files = (
			);
			runOnlyForDeploymentPostprocessing = 0;
		};
/* End PBXResourcesBuildPhase section */

/* Begin PBXSourcesBuildPhase section */
		04FD971F1EE6AD6000DFD822 /* Sources */ = {
			isa = PBXSourcesBuildPhase;
			buildActionMask = 2147483647;
			files = (
				04FD97551EE6B01D00DFD822 /* aniTableViewCell.swift in Sources */,
				04FD97291EE6AD6000DFD822 /* ViewController.swift in Sources */,
				04FD97271EE6AD6000DFD822 /* AppDelegate.swift in Sources */,
				04FD97571EE6B1A300DFD822 /* MarketDepthData.swift in Sources */,
			);
			runOnlyForDeploymentPostprocessing = 0;
		};
		04FD97331EE6AD6000DFD822 /* Sources */ = {
			isa = PBXSourcesBuildPhase;
			buildActionMask = 2147483647;
			files = (
				04FD973C1EE6AD6000DFD822 /* AniTableViewTests.swift in Sources */,
			);
			runOnlyForDeploymentPostprocessing = 0;
		};
		04FD973E1EE6AD6000DFD822 /* Sources */ = {
			isa = PBXSourcesBuildPhase;
			buildActionMask = 2147483647;
			files = (
				04FD97471EE6AD6000DFD822 /* AniTableViewUITests.swift in Sources */,
			);
			runOnlyForDeploymentPostprocessing = 0;
		};
/* End PBXSourcesBuildPhase section */

/* Begin PBXTargetDependency section */
		04FD97391EE6AD6000DFD822 /* PBXTargetDependency */ = {
			isa = PBXTargetDependency;
			target = 04FD97221EE6AD6000DFD822 /* AniTableView */;
			targetProxy = 04FD97381EE6AD6000DFD822 /* PBXContainerItemProxy */;
		};
		04FD97441EE6AD6000DFD822 /* PBXTargetDependency */ = {
			isa = PBXTargetDependency;
			target = 04FD97221EE6AD6000DFD822 /* AniTableView */;
			targetProxy = 04FD97431EE6AD6000DFD822 /* PBXContainerItemProxy */;
		};
/* End PBXTargetDependency section */

/* Begin PBXVariantGroup section */
		04FD972A1EE6AD6000DFD822 /* Main.storyboard */ = {
			isa = PBXVariantGroup;
			children = (
				04FD972B1EE6AD6000DFD822 /* Base */,
			);
			name = Main.storyboard;
			sourceTree = "<group>";
		};
		04FD972F1EE6AD6000DFD822 /* LaunchScreen.storyboard */ = {
			isa = PBXVariantGroup;
			children = (
				04FD97301EE6AD6000DFD822 /* Base */,
			);
			name = LaunchScreen.storyboard;
			sourceTree = "<group>";
		};
/* End PBXVariantGroup section */

/* Begin XCBuildConfiguration section */
		04FD97491EE6AD6000DFD822 /* Debug */ = {
			isa = XCBuildConfiguration;
			buildSettings = {
				ALWAYS_SEARCH_USER_PATHS = NO;
				CLANG_ANALYZER_NONNULL = YES;
				CLANG_ANALYZER_NUMBER_OBJECT_CONVERSION = YES_AGGRESSIVE;
				CLANG_CXX_LANGUAGE_STANDARD = "gnu++0x";
				CLANG_CXX_LIBRARY = "libc++";
				CLANG_ENABLE_MODULES = YES;
				CLANG_ENABLE_OBJC_ARC = YES;
				CLANG_WARN_BOOL_CONVERSION = YES;
				CLANG_WARN_CONSTANT_CONVERSION = YES;
				CLANG_WARN_DIRECT_OBJC_ISA_USAGE = YES_ERROR;
				CLANG_WARN_DOCUMENTATION_COMMENTS = YES;
				CLANG_WARN_EMPTY_BODY = YES;
				CLANG_WARN_ENUM_CONVERSION = YES;
				CLANG_WARN_INFINITE_RECURSION = YES;
				CLANG_WARN_INT_CONVERSION = YES;
				CLANG_WARN_OBJC_ROOT_CLASS = YES_ERROR;
				CLANG_WARN_SUSPICIOUS_MOVE = YES;
				CLANG_WARN_UNREACHABLE_CODE = YES;
				CLANG_WARN__DUPLICATE_METHOD_MATCH = YES;
				"CODE_SIGN_IDENTITY[sdk=iphoneos*]" = "iPhone Developer";
				COPY_PHASE_STRIP = NO;
				DEBUG_INFORMATION_FORMAT = dwarf;
				ENABLE_STRICT_OBJC_MSGSEND = YES;
				ENABLE_TESTABILITY = YES;
				GCC_C_LANGUAGE_STANDARD = gnu99;
				GCC_DYNAMIC_NO_PIC = NO;
				GCC_NO_COMMON_BLOCKS = YES;
				GCC_OPTIMIZATION_LEVEL = 0;
				GCC_PREPROCESSOR_DEFINITIONS = (
					"DEBUG=1",
					"$(inherited)",
				);
				GCC_WARN_64_TO_32_BIT_CONVERSION = YES;
				GCC_WARN_ABOUT_RETURN_TYPE = YES_ERROR;
				GCC_WARN_UNDECLARED_SELECTOR = YES;
				GCC_WARN_UNINITIALIZED_AUTOS = YES_AGGRESSIVE;
				GCC_WARN_UNUSED_FUNCTION = YES;
				GCC_WARN_UNUSED_VARIABLE = YES;
				IPHONEOS_DEPLOYMENT_TARGET = 10.3;
				MTL_ENABLE_DEBUG_INFO = YES;
				ONLY_ACTIVE_ARCH = YES;
				SDKROOT = iphoneos;
				SWIFT_ACTIVE_COMPILATION_CONDITIONS = DEBUG;
				SWIFT_OPTIMIZATION_LEVEL = "-Onone";
			};
			name = Debug;
		};
		04FD974A1EE6AD6000DFD822 /* Release */ = {
			isa = XCBuildConfiguration;
			buildSettings = {
				ALWAYS_SEARCH_USER_PATHS = NO;
				CLANG_ANALYZER_NONNULL = YES;
				CLANG_ANALYZER_NUMBER_OBJECT_CONVERSION = YES_AGGRESSIVE;
				CLANG_CXX_LANGUAGE_STANDARD = "gnu++0x";
				CLANG_CXX_LIBRARY = "libc++";
				CLANG_ENABLE_MODULES = YES;
				CLANG_ENABLE_OBJC_ARC = YES;
				CLANG_WARN_BOOL_CONVERSION = YES;
				CLANG_WARN_CONSTANT_CONVERSION = YES;
				CLANG_WARN_DIRECT_OBJC_ISA_USAGE = YES_ERROR;
				CLANG_WARN_DOCUMENTATION_COMMENTS = YES;
				CLANG_WARN_EMPTY_BODY = YES;
				CLANG_WARN_ENUM_CONVERSION = YES;
				CLANG_WARN_INFINITE_RECURSION = YES;
				CLANG_WARN_INT_CONVERSION = YES;
				CLANG_WARN_OBJC_ROOT_CLASS = YES_ERROR;
				CLANG_WARN_SUSPICIOUS_MOVE = YES;
				CLANG_WARN_UNREACHABLE_CODE = YES;
				CLANG_WARN__DUPLICATE_METHOD_MATCH = YES;
				"CODE_SIGN_IDENTITY[sdk=iphoneos*]" = "iPhone Developer";
				COPY_PHASE_STRIP = NO;
				DEBUG_INFORMATION_FORMAT = "dwarf-with-dsym";
				ENABLE_NS_ASSERTIONS = NO;
				ENABLE_STRICT_OBJC_MSGSEND = YES;
				GCC_C_LANGUAGE_STANDARD = gnu99;
				GCC_NO_COMMON_BLOCKS = YES;
				GCC_WARN_64_TO_32_BIT_CONVERSION = YES;
				GCC_WARN_ABOUT_RETURN_TYPE = YES_ERROR;
				GCC_WARN_UNDECLARED_SELECTOR = YES;
				GCC_WARN_UNINITIALIZED_AUTOS = YES_AGGRESSIVE;
				GCC_WARN_UNUSED_FUNCTION = YES;
				GCC_WARN_UNUSED_VARIABLE = YES;
				IPHONEOS_DEPLOYMENT_TARGET = 10.3;
				MTL_ENABLE_DEBUG_INFO = NO;
				SDKROOT = iphoneos;
				SWIFT_OPTIMIZATION_LEVEL = "-Owholemodule";
				VALIDATE_PRODUCT = YES;
			};
			name = Release;
		};
		04FD974C1EE6AD6000DFD822 /* Debug */ = {
			isa = XCBuildConfiguration;
			buildSettings = {
				ASSETCATALOG_COMPILER_APPICON_NAME = AppIcon;
				DEVELOPMENT_TEAM = 58LG38VBB3;
				INFOPLIST_FILE = AniTableView/Info.plist;
				LD_RUNPATH_SEARCH_PATHS = "$(inherited) @executable_path/Frameworks";
				PRODUCT_BUNDLE_IDENTIFIER = com.mqt.AniTableView;
				PRODUCT_NAME = "$(TARGET_NAME)";
				SWIFT_VERSION = 3.0;
			};
			name = Debug;
		};
		04FD974D1EE6AD6000DFD822 /* Release */ = {
			isa = XCBuildConfiguration;
			buildSettings = {
				ASSETCATALOG_COMPILER_APPICON_NAME = AppIcon;
				DEVELOPMENT_TEAM = 58LG38VBB3;
				INFOPLIST_FILE = AniTableView/Info.plist;
				LD_RUNPATH_SEARCH_PATHS = "$(inherited) @executable_path/Frameworks";
				PRODUCT_BUNDLE_IDENTIFIER = com.mqt.AniTableView;
				PRODUCT_NAME = "$(TARGET_NAME)";
				SWIFT_VERSION = 3.0;
			};
			name = Release;
		};
		04FD974F1EE6AD6000DFD822 /* Debug */ = {
			isa = XCBuildConfiguration;
			buildSettings = {
				ALWAYS_EMBED_SWIFT_STANDARD_LIBRARIES = YES;
				BUNDLE_LOADER = "$(TEST_HOST)";
				DEVELOPMENT_TEAM = 768U2S2GPR;
				INFOPLIST_FILE = AniTableViewTests/Info.plist;
				LD_RUNPATH_SEARCH_PATHS = "$(inherited) @executable_path/Frameworks @loader_path/Frameworks";
				PRODUCT_BUNDLE_IDENTIFIER = com.mqt.AniTableViewTests;
				PRODUCT_NAME = "$(TARGET_NAME)";
				SWIFT_VERSION = 3.0;
				TEST_HOST = "$(BUILT_PRODUCTS_DIR)/AniTableView.app/AniTableView";
			};
			name = Debug;
		};
		04FD97501EE6AD6000DFD822 /* Release */ = {
			isa = XCBuildConfiguration;
			buildSettings = {
				ALWAYS_EMBED_SWIFT_STANDARD_LIBRARIES = YES;
				BUNDLE_LOADER = "$(TEST_HOST)";
				DEVELOPMENT_TEAM = 768U2S2GPR;
				INFOPLIST_FILE = AniTableViewTests/Info.plist;
				LD_RUNPATH_SEARCH_PATHS = "$(inherited) @executable_path/Frameworks @loader_path/Frameworks";
				PRODUCT_BUNDLE_IDENTIFIER = com.mqt.AniTableViewTests;
				PRODUCT_NAME = "$(TARGET_NAME)";
				SWIFT_VERSION = 3.0;
				TEST_HOST = "$(BUILT_PRODUCTS_DIR)/AniTableView.app/AniTableView";
			};
			name = Release;
		};
		04FD97521EE6AD6000DFD822 /* Debug */ = {
			isa = XCBuildConfiguration;
			buildSettings = {
				ALWAYS_EMBED_SWIFT_STANDARD_LIBRARIES = YES;
				DEVELOPMENT_TEAM = 768U2S2GPR;
				INFOPLIST_FILE = AniTableViewUITests/Info.plist;
				LD_RUNPATH_SEARCH_PATHS = "$(inherited) @executable_path/Frameworks @loader_path/Frameworks";
				PRODUCT_BUNDLE_IDENTIFIER = com.mqt.AniTableViewUITests;
				PRODUCT_NAME = "$(TARGET_NAME)";
				SWIFT_VERSION = 3.0;
				TEST_TARGET_NAME = AniTableView;
			};
			name = Debug;
		};
		04FD97531EE6AD6000DFD822 /* Release */ = {
			isa = XCBuildConfiguration;
			buildSettings = {
				ALWAYS_EMBED_SWIFT_STANDARD_LIBRARIES = YES;
				DEVELOPMENT_TEAM = 768U2S2GPR;
				INFOPLIST_FILE = AniTableViewUITests/Info.plist;
				LD_RUNPATH_SEARCH_PATHS = "$(inherited) @executable_path/Frameworks @loader_path/Frameworks";
				PRODUCT_BUNDLE_IDENTIFIER = com.mqt.AniTableViewUITests;
				PRODUCT_NAME = "$(TARGET_NAME)";
				SWIFT_VERSION = 3.0;
				TEST_TARGET_NAME = AniTableView;
			};
			name = Release;
		};
/* End XCBuildConfiguration section */

/* Begin XCConfigurationList section */
		04FD971E1EE6AD6000DFD822 /* Build configuration list for PBXProject "AniTableView" */ = {
			isa = XCConfigurationList;
			buildConfigurations = (
				04FD97491EE6AD6000DFD822 /* Debug */,
				04FD974A1EE6AD6000DFD822 /* Release */,
			);
			defaultConfigurationIsVisible = 0;
			defaultConfigurationName = Release;
		};
		04FD974B1EE6AD6000DFD822 /* Build configuration list for PBXNativeTarget "AniTableView" */ = {
			isa = XCConfigurationList;
			buildConfigurations = (
				04FD974C1EE6AD6000DFD822 /* Debug */,
				04FD974D1EE6AD6000DFD822 /* Release */,
			);
			defaultConfigurationIsVisible = 0;
		};
		04FD974E1EE6AD6000DFD822 /* Build configuration list for PBXNativeTarget "AniTableViewTests" */ = {
			isa = XCConfigurationList;
			buildConfigurations = (
				04FD974F1EE6AD6000DFD822 /* Debug */,
				04FD97501EE6AD6000DFD822 /* Release */,
			);
			defaultConfigurationIsVisible = 0;
		};
		04FD97511EE6AD6000DFD822 /* Build configuration list for PBXNativeTarget "AniTableViewUITests" */ = {
			isa = XCConfigurationList;
			buildConfigurations = (
				04FD97521EE6AD6000DFD822 /* Debug */,
				04FD97531EE6AD6000DFD822 /* Release */,
			);
			defaultConfigurationIsVisible = 0;
		};
/* End XCConfigurationList section */
	};
	rootObject = 04FD971B1EE6AD6000DFD822 /* Project object */;
}
